
Microsoft Visual Studio Solution File, Format Version 12.00
# Visual Studio 15
VisualStudioVersion = 15.0.33919.361
MinimumVisualStudioVersion = 10.0.40219.1
Project("{FAE04EC0-301F-11D3-BF4B-00C04F79EFBC}") = "WcfPedidos", "WcfPedidos\WcfPedidos.csproj", "{30CCC06D-D51C-4F55-ACFF-F0FFF9EFC970}"
EndProject
Project("{FAE04EC0-301F-11D3-BF4B-00C04F79EFBC}") = "WcfCortesEDS", "WcfCortesEDS\WcfCortesEDS.csproj", "{5443E2A2-55A2-406C-A603-A35B0D0F7002}"
EndProject
Project("{FAE04EC0-301F-11D3-BF4B-00C04F79EFBC}") = "wcfSyscom", "wcfSyscom\wcfSyscom.csproj", "{A9484245-5A38-4698-A5B2-B4885D5ED432}"
EndProject
Project("{FAE04EC0-301F-11D3-BF4B-00C04F79EFBC}") = "WcfPedidos30", "WcfPruebas30\WcfPedidos30.csproj", "{C19449E8-B9FE-4792-B9E7-AEDB93BFFC88}"
EndProject
Project("{FAE04EC0-301F-11D3-BF4B-00C04F79EFBC}") = "WcfSyscom30", "WcfSyscom30\WcfSyscom30.csproj", "{D9C017FC-7CFD-4707-9539-EABA22C5D3C4}"
EndProject
Global
	GlobalSection(SolutionConfigurationPlatforms) = preSolution
		Debug|Any CPU = Debug|Any CPU
		Release|Any CPU = Release|Any CPU
	EndGlobalSection
	GlobalSection(ProjectConfigurationPlatforms) = postSolution
		{30CCC06D-D51C-4F55-ACFF-F0FFF9EFC970}.Debug|Any CPU.ActiveCfg = Debug|Any CPU
		{30CCC06D-D51C-4F55-ACFF-F0FFF9EFC970}.Debug|Any CPU.Build.0 = Debug|Any CPU
		{30CCC06D-D51C-4F55-ACFF-F0FFF9EFC970}.Release|Any CPU.ActiveCfg = Release|Any CPU
		{30CCC06D-D51C-4F55-ACFF-F0FFF9EFC970}.Release|Any CPU.Build.0 = Release|Any CPU
		{5443E2A2-55A2-406C-A603-A35B0D0F7002}.Debug|Any CPU.ActiveCfg = Debug|Any CPU
		{5443E2A2-55A2-406C-A603-A35B0D0F7002}.Debug|Any CPU.Build.0 = Debug|Any CPU
		{5443E2A2-55A2-406C-A603-A35B0D0F7002}.Release|Any CPU.ActiveCfg = Release|Any CPU
		{5443E2A2-55A2-406C-A603-A35B0D0F7002}.Release|Any CPU.Build.0 = Release|Any CPU
		{A9484245-5A38-4698-A5B2-B4885D5ED432}.Debug|Any CPU.ActiveCfg = Debug|Any CPU
		{A9484245-5A38-4698-A5B2-B4885D5ED432}.Debug|Any CPU.Build.0 = Debug|Any CPU
		{A9484245-5A38-4698-A5B2-B4885D5ED432}.Release|Any CPU.ActiveCfg = Release|Any CPU
		{A9484245-5A38-4698-A5B2-B4885D5ED432}.Release|Any CPU.Build.0 = Release|Any CPU
		{C19449E8-B9FE-4792-B9E7-AEDB93BFFC88}.Debug|Any CPU.ActiveCfg = Debug|Any CPU
		{C19449E8-B9FE-4792-B9E7-AEDB93BFFC88}.Debug|Any CPU.Build.0 = Debug|Any CPU
		{C19449E8-B9FE-4792-B9E7-AEDB93BFFC88}.Release|Any CPU.ActiveCfg = Release|Any CPU
		{C19449E8-B9FE-4792-B9E7-AEDB93BFFC88}.Release|Any CPU.Build.0 = Release|Any CPU
		{D9C017FC-7CFD-4707-9539-EABA22C5D3C4}.Debug|Any CPU.ActiveCfg = Debug|Any CPU
		{D9C017FC-7CFD-4707-9539-EABA22C5D3C4}.Debug|Any CPU.Build.0 = Debug|Any CPU
		{D9C017FC-7CFD-4707-9539-EABA22C5D3C4}.Release|Any CPU.ActiveCfg = Release|Any CPU
		{D9C017FC-7CFD-4707-9539-EABA22C5D3C4}.Release|Any CPU.Build.0 = Release|Any CPU
	EndGlobalSection
	GlobalSection(SolutionProperties) = preSolution
		HideSolutionNode = FALSE
	EndGlobalSection
	GlobalSection(ExtensibilityGlobals) = postSolution
		SolutionGuid = {BF60EB40-8732-4FE5-968B-22E55BB8B927}
	EndGlobalSection
EndGlobal
